// !$*UTF8*$!
{
	archiveVersion = 1;
	classes = {
	};
	objectVersion = 55;
	objects = {

/* Begin PBXBuildFile section */
		084DCD50283B103F0061A9A0 /* LandmarksApp.swift in Sources */ = {isa = PBXBuildFile; fileRef = 084DCD4F283B103F0061A9A0 /* LandmarksApp.swift */; };
		084DCD52283B103F0061A9A0 /* ContentView.swift in Sources */ = {isa = PBXBuildFile; fileRef = 084DCD51283B103F0061A9A0 /* ContentView.swift */; };
		084DCD54283B10400061A9A0 /* Assets.xcassets in Resources */ = {isa = PBXBuildFile; fileRef = 084DCD53283B10400061A9A0 /* Assets.xcassets */; };
		084DCD57283B10400061A9A0 /* Preview Assets.xcassets in Resources */ = {isa = PBXBuildFile; fileRef = 084DCD56283B10400061A9A0 /* Preview Assets.xcassets */; };
		084E2516285FD3FA00E8B281 /* MapView.swift in Sources */ = {isa = PBXBuildFile; fileRef = 084E2515285FD3FA00E8B281 /* MapView.swift */; };
		084E2518285FECC400E8B281 /* ModelData.swift in Sources */ = {isa = PBXBuildFile; fileRef = 084E2517285FECC400E8B281 /* ModelData.swift */; };
		084E251D285FEDC700E8B281 /* LandmarkRow.swift in Sources */ = {isa = PBXBuildFile; fileRef = 084E251C285FEDC700E8B281 /* LandmarkRow.swift */; };
		084E251F285FEEBF00E8B281 /* LandmarkList.swift in Sources */ = {isa = PBXBuildFile; fileRef = 084E251E285FEEBF00E8B281 /* LandmarkList.swift */; };
		084E2521285FF06C00E8B281 /* LandmarkDetails.swift in Sources */ = {isa = PBXBuildFile; fileRef = 084E2520285FF06C00E8B281 /* LandmarkDetails.swift */; };
		087BFDEC285FD19400CD57AD /* landmarkData.json in Resources */ = {isa = PBXBuildFile; fileRef = 087BFDEB285FD19400CD57AD /* landmarkData.json */; };
		087BFDEE285FD1CD00CD57AD /* Landmark.swift in Sources */ = {isa = PBXBuildFile; fileRef = 087BFDED285FD1CD00CD57AD /* Landmark.swift */; };
		087BFDF0285FD31E00CD57AD /* CircleImage.swift in Sources */ = {isa = PBXBuildFile; fileRef = 087BFDEF285FD31E00CD57AD /* CircleImage.swift */; };
		08BB6649286E5DBE00A0B1B4 /* FavoriteButton.swift in Sources */ = {isa = PBXBuildFile; fileRef = 08BB6648286E5DBE00A0B1B4 /* FavoriteButton.swift */; };
/* End PBXBuildFile section */

/* Begin PBXFileReference section */
		084DCD4C283B103F0061A9A0 /* Landmarks.app */ = {isa = PBXFileReference; explicitFileType = wrapper.application; includeInIndex = 0; path = Landmarks.app; sourceTree = BUILT_PRODUCTS_DIR; };
		084DCD4F283B103F0061A9A0 /* LandmarksApp.swift */ = {isa = PBXFileReference; lastKnownFileType = sourcecode.swift; path = LandmarksApp.swift; sourceTree = "<group>"; };
		084DCD51283B103F0061A9A0 /* ContentView.swift */ = {isa = PBXFileReference; lastKnownFileType = sourcecode.swift; path = ContentView.swift; sourceTree = "<group>"; };
		084DCD53283B10400061A9A0 /* Assets.xcassets */ = {isa = PBXFileReference; lastKnownFileType = folder.assetcatalog; path = Assets.xcassets; sourceTree = "<group>"; };
		084DCD56283B10400061A9A0 /* Preview Assets.xcassets */ = {isa = PBXFileReference; lastKnownFileType = folder.assetcatalog; path = "Preview Assets.xcassets"; sourceTree = "<group>"; };
		084E2515285FD3FA00E8B281 /* MapView.swift */ = {isa = PBXFileReference; lastKnownFileType = sourcecode.swift; path = MapView.swift; sourceTree = "<group>"; };
		084E2517285FECC400E8B281 /* ModelData.swift */ = {isa = PBXFileReference; lastKnownFileType = sourcecode.swift; path = ModelData.swift; sourceTree = "<group>"; };
		084E251C285FEDC700E8B281 /* LandmarkRow.swift */ = {isa = PBXFileReference; lastKnownFileType = sourcecode.swift; path = LandmarkRow.swift; sourceTree = "<group>"; };
		084E251E285FEEBF00E8B281 /* LandmarkList.swift */ = {isa = PBXFileReference; lastKnownFileType = sourcecode.swift; path = LandmarkList.swift; sourceTree = "<group>"; };
		084E2520285FF06C00E8B281 /* LandmarkDetails.swift */ = {isa = PBXFileReference; lastKnownFileType = sourcecode.swift; path = LandmarkDetails.swift; sourceTree = "<group>"; };
		087BFDEB285FD19400CD57AD /* landmarkData.json */ = {isa = PBXFileReference; fileEncoding = 4; lastKnownFileType = text.json; path = landmarkData.json; sourceTree = "<group>"; };
		087BFDED285FD1CD00CD57AD /* Landmark.swift */ = {isa = PBXFileReference; lastKnownFileType = sourcecode.swift; path = Landmark.swift; sourceTree = "<group>"; };
		087BFDEF285FD31E00CD57AD /* CircleImage.swift */ = {isa = PBXFileReference; lastKnownFileType = sourcecode.swift; path = CircleImage.swift; sourceTree = "<group>"; };
		08BB6648286E5DBE00A0B1B4 /* FavoriteButton.swift */ = {isa = PBXFileReference; lastKnownFileType = sourcecode.swift; path = FavoriteButton.swift; sourceTree = "<group>"; };
/* End PBXFileReference section */

/* Begin PBXFrameworksBuildPhase section */
		084DCD49283B103F0061A9A0 /* Frameworks */ = {
			isa = PBXFrameworksBuildPhase;
			buildActionMask = 2147483647;
			files = (
			);
			runOnlyForDeploymentPostprocessing = 0;
		};
/* End PBXFrameworksBuildPhase section */

/* Begin PBXGroup section */
		084DCD43283B103F0061A9A0 = {
			isa = PBXGroup;
			children = (
				084DCD4E283B103F0061A9A0 /* Landmarks */,
				084DCD4D283B103F0061A9A0 /* Products */,
			);
			sourceTree = "<group>";
		};
		084DCD4D283B103F0061A9A0 /* Products */ = {
			isa = PBXGroup;
			children = (
				084DCD4C283B103F0061A9A0 /* Landmarks.app */,
			);
			name = Products;
			sourceTree = "<group>";
		};
		084DCD4E283B103F0061A9A0 /* Landmarks */ = {
			isa = PBXGroup;
			children = (
				084DCD4F283B103F0061A9A0 /* LandmarksApp.swift */,
				084E2519285FED0000E8B281 /* Views */,
				084E251A285FED0800E8B281 /* Model */,
				084E251B285FED1600E8B281 /* Resources */,
				084DCD53283B10400061A9A0 /* Assets.xcassets */,
				084DCD55283B10400061A9A0 /* Preview Content */,
			);
			path = Landmarks;
			sourceTree = "<group>";
		};
		084DCD55283B10400061A9A0 /* Preview Content */ = {
			isa = PBXGroup;
			children = (
				084DCD56283B10400061A9A0 /* Preview Assets.xcassets */,
			);
			path = "Preview Content";
			sourceTree = "<group>";
		};
		084E2519285FED0000E8B281 /* Views */ = {
			isa = PBXGroup;
			children = (
				0866EC2B286E67ED0061AAFC /* Landmarks */,
				0866EC2A286E67D70061AAFC /* Helpers */,
			);
			path = Views;
			sourceTree = "<group>";
		};
		084E251A285FED0800E8B281 /* Model */ = {
			isa = PBXGroup;
			children = (
				087BFDED285FD1CD00CD57AD /* Landmark.swift */,
				084E2517285FECC400E8B281 /* ModelData.swift */,
			);
			path = Model;
			sourceTree = "<group>";
		};
		084E251B285FED1600E8B281 /* Resources */ = {
			isa = PBXGroup;
			children = (
				087BFDEB285FD19400CD57AD /* landmarkData.json */,
			);
			path = Resources;
			sourceTree = "<group>";
		};
		0866EC2A286E67D70061AAFC /* Helpers */ = {
			isa = PBXGroup;
			children = (
				087BFDEF285FD31E00CD57AD /* CircleImage.swift */,
				084E2515285FD3FA00E8B281 /* MapView.swift */,
				08BB6648286E5DBE00A0B1B4 /* FavoriteButton.swift */,
			);
			path = Helpers;
			sourceTree = "<group>";
		};
		0866EC2B286E67ED0061AAFC /* Landmarks */ = {
			isa = PBXGroup;
			children = (
				084DCD51283B103F0061A9A0 /* ContentView.swift */,
				084E251C285FEDC700E8B281 /* LandmarkRow.swift */,
				084E251E285FEEBF00E8B281 /* LandmarkList.swift */,
				084E2520285FF06C00E8B281 /* LandmarkDetails.swift */,
			);
			path = Landmarks;
			sourceTree = "<group>";
		};
/* End PBXGroup section */

/* Begin PBXNativeTarget section */
		084DCD4B283B103F0061A9A0 /* Landmarks */ = {
			isa = PBXNativeTarget;
			buildConfigurationList = 084DCD5A283B10400061A9A0 /* Build configuration list for PBXNativeTarget "Landmarks" */;
			buildPhases = (
				084DCD48283B103F0061A9A0 /* Sources */,
				084DCD49283B103F0061A9A0 /* Frameworks */,
				084DCD4A283B103F0061A9A0 /* Resources */,
			);
			buildRules = (
			);
			dependencies = (
			);
			name = Landmarks;
			productName = Landmarks;
			productReference = 084DCD4C283B103F0061A9A0 /* Landmarks.app */;
			productType = "com.apple.product-type.application";
		};
/* End PBXNativeTarget section */

/* Begin PBXProject section */
		084DCD44283B103F0061A9A0 /* Project object */ = {
			isa = PBXProject;
			attributes = {
				BuildIndependentTargetsInParallel = 1;
				LastSwiftUpdateCheck = 1320;
				LastUpgradeCheck = 1320;
				TargetAttributes = {
					084DCD4B283B103F0061A9A0 = {
						CreatedOnToolsVersion = 13.2.1;
					};
				};
			};
			buildConfigurationList = 084DCD47283B103F0061A9A0 /* Build configuration list for PBXProject "Landmarks" */;
			compatibilityVersion = "Xcode 13.0";
			developmentRegion = en;
			hasScannedForEncodings = 0;
			knownRegions = (
				en,
				Base,
			);
			mainGroup = 084DCD43283B103F0061A9A0;
			productRefGroup = 084DCD4D283B103F0061A9A0 /* Products */;
			projectDirPath = "";
			projectRoot = "";
			targets = (
				084DCD4B283B103F0061A9A0 /* Landmarks */,
			);
		};
/* End PBXProject section */

/* Begin PBXResourcesBuildPhase section */
		084DCD4A283B103F0061A9A0 /* Resources */ = {
			isa = PBXResourcesBuildPhase;
			buildActionMask = 2147483647;
			files = (
				084DCD57283B10400061A9A0 /* Preview Assets.xcassets in Resources */,
				084DCD54283B10400061A9A0 /* Assets.xcassets in Resources */,
				087BFDEC285FD19400CD57AD /* landmarkData.json in Resources */,
			);
			runOnlyForDeploymentPostprocessing = 0;
		};
/* End PBXResourcesBuildPhase section */

/* Begin PBXSourcesBuildPhase section */
		084DCD48283B103F0061A9A0 /* Sources */ = {
			isa = PBXSourcesBuildPhase;
			buildActionMask = 2147483647;
			files = (
				084DCD52283B103F0061A9A0 /* ContentView.swift in Sources */,
				087BFDF0285FD31E00CD57AD /* CircleImage.swift in Sources */,
				084E2516285FD3FA00E8B281 /* MapView.swift in Sources */,
				08BB6649286E5DBE00A0B1B4 /* FavoriteButton.swift in Sources */,
				084E251F285FEEBF00E8B281 /* LandmarkList.swift in Sources */,
				084DCD50283B103F0061A9A0 /* LandmarksApp.swift in Sources */,
				087BFDEE285FD1CD00CD57AD /* Landmark.swift in Sources */,
				084E251D285FEDC700E8B281 /* LandmarkRow.swift in Sources */,
				084E2518285FECC400E8B281 /* ModelData.swift in Sources */,
				084E2521285FF06C00E8B281 /* LandmarkDetails.swift in Sources */,
			);
			runOnlyForDeploymentPostprocessing = 0;
		};
/* End PBXSourcesBuildPhase section */

/* Begin XCBuildConfiguration section */
		084DCD58283B10400061A9A0 /* Debug */ = {
			isa = XCBuildConfiguration;
			buildSettings = {
				ALWAYS_SEARCH_USER_PATHS = NO;
				CLANG_ANALYZER_NONNULL = YES;
				CLANG_ANALYZER_NUMBER_OBJECT_CONVERSION = YES_AGGRESSIVE;
				CLANG_CXX_LANGUAGE_STANDARD = "gnu++17";
				CLANG_CXX_LIBRARY = "libc++";
				CLANG_ENABLE_MODULES = YES;
				CLANG_ENABLE_OBJC_ARC = YES;
				CLANG_ENABLE_OBJC_WEAK = YES;
				CLANG_WARN_BLOCK_CAPTURE_AUTORELEASING = YES;
				CLANG_WARN_BOOL_CONVERSION = YES;
				CLANG_WARN_COMMA = YES;
				CLANG_WARN_CONSTANT_CONVERSION = YES;
				CLANG_WARN_DEPRECATED_OBJC_IMPLEMENTATIONS = YES;
				CLANG_WARN_DIRECT_OBJC_ISA_USAGE = YES_ERROR;
				CLANG_WARN_DOCUMENTATION_COMMENTS = YES;
				CLANG_WARN_EMPTY_BODY = YES;
				CLANG_WARN_ENUM_CONVERSION = YES;
				CLANG_WARN_INFINITE_RECURSION = YES;
				CLANG_WARN_INT_CONVERSION = YES;
				CLANG_WARN_NON_LITERAL_NULL_CONVERSION = YES;
				CLANG_WARN_OBJC_IMPLICIT_RETAIN_SELF = YES;
				CLANG_WARN_OBJC_LITERAL_CONVERSION = YES;
				CLANG_WARN_OBJC_ROOT_CLASS = YES_ERROR;
				CLANG_WARN_QUOTED_INCLUDE_IN_FRAMEWORK_HEADER = YES;
				CLANG_WARN_RANGE_LOOP_ANALYSIS = YES;
				CLANG_WARN_STRICT_PROTOTYPES = YES;
				CLANG_WARN_SUSPICIOUS_MOVE = YES;
				CLANG_WARN_UNGUARDED_AVAILABILITY = YES_AGGRESSIVE;
				CLANG_WARN_UNREACHABLE_CODE = YES;
				CLANG_WARN__DUPLICATE_METHOD_MATCH = YES;
				COPY_PHASE_STRIP = NO;
				DEBUG_INFORMATION_FORMAT = dwarf;
				ENABLE_STRICT_OBJC_MSGSEND = YES;
				ENABLE_TESTABILITY = YES;
				GCC_C_LANGUAGE_STANDARD = gnu11;
				GCC_DYNAMIC_NO_PIC = NO;
				GCC_NO_COMMON_BLOCKS = YES;
				GCC_OPTIMIZATION_LEVEL = 0;
				GCC_PREPROCESSOR_DEFINITIONS = (
					"DEBUG=1",
					"$(inherited)",
				);
				GCC_WARN_64_TO_32_BIT_CONVERSION = YES;
				GCC_WARN_ABOUT_RETURN_TYPE = YES_ERROR;
				GCC_WARN_UNDECLARED_SELECTOR = YES;
				GCC_WARN_UNINITIALIZED_AUTOS = YES_AGGRESSIVE;
				GCC_WARN_UNUSED_FUNCTION = YES;
				GCC_WARN_UNUSED_VARIABLE = YES;
				IPHONEOS_DEPLOYMENT_TARGET = 15.2;
				MTL_ENABLE_DEBUG_INFO = INCLUDE_SOURCE;
				MTL_FAST_MATH = YES;
				ONLY_ACTIVE_ARCH = YES;
				SDKROOT = iphoneos;
				SWIFT_ACTIVE_COMPILATION_CONDITIONS = DEBUG;
				SWIFT_OPTIMIZATION_LEVEL = "-Onone";
			};
			name = Debug;
		};
		084DCD59283B10400061A9A0 /* Release */ = {
			isa = XCBuildConfiguration;
			buildSettings = {
				ALWAYS_SEARCH_USER_PATHS = NO;
				CLANG_ANALYZER_NONNULL = YES;
				CLANG_ANALYZER_NUMBER_OBJECT_CONVERSION = YES_AGGRESSIVE;
				CLANG_CXX_LANGUAGE_STANDARD = "gnu++17";
				CLANG_CXX_LIBRARY = "libc++";
				CLANG_ENABLE_MODULES = YES;
				CLANG_ENABLE_OBJC_ARC = YES;
				CLANG_ENABLE_OBJC_WEAK = YES;
				CLANG_WARN_BLOCK_CAPTURE_AUTORELEASING = YES;
				CLANG_WARN_BOOL_CONVERSION = YES;
				CLANG_WARN_COMMA = YES;
				CLANG_WARN_CONSTANT_CONVERSION = YES;
				CLANG_WARN_DEPRECATED_OBJC_IMPLEMENTATIONS = YES;
				CLANG_WARN_DIRECT_OBJC_ISA_USAGE = YES_ERROR;
				CLANG_WARN_DOCUMENTATION_COMMENTS = YES;
				CLANG_WARN_EMPTY_BODY = YES;
				CLANG_WARN_ENUM_CONVERSION = YES;
				CLANG_WARN_INFINITE_RECURSION = YES;
				CLANG_WARN_INT_CONVERSION = YES;
				CLANG_WARN_NON_LITERAL_NULL_CONVERSION = YES;
				CLANG_WARN_OBJC_IMPLICIT_RETAIN_SELF = YES;
				CLANG_WARN_OBJC_LITERAL_CONVERSION = YES;
				CLANG_WARN_OBJC_ROOT_CLASS = YES_ERROR;
				CLANG_WARN_QUOTED_INCLUDE_IN_FRAMEWORK_HEADER = YES;
				CLANG_WARN_RANGE_LOOP_ANALYSIS = YES;
				CLANG_WARN_STRICT_PROTOTYPES = YES;
				CLANG_WARN_SUSPICIOUS_MOVE = YES;
				CLANG_WARN_UNGUARDED_AVAILABILITY = YES_AGGRESSIVE;
				CLANG_WARN_UNREACHABLE_CODE = YES;
				CLANG_WARN__DUPLICATE_METHOD_MATCH = YES;
				COPY_PHASE_STRIP = NO;
				DEBUG_INFORMATION_FORMAT = "dwarf-with-dsym";
				ENABLE_NS_ASSERTIONS = NO;
				ENABLE_STRICT_OBJC_MSGSEND = YES;
				GCC_C_LANGUAGE_STANDARD = gnu11;
				GCC_NO_COMMON_BLOCKS = YES;
				GCC_WARN_64_TO_32_BIT_CONVERSION = YES;
				GCC_WARN_ABOUT_RETURN_TYPE = YES_ERROR;
				GCC_WARN_UNDECLARED_SELECTOR = YES;
				GCC_WARN_UNINITIALIZED_AUTOS = YES_AGGRESSIVE;
				GCC_WARN_UNUSED_FUNCTION = YES;
				GCC_WARN_UNUSED_VARIABLE = YES;
				IPHONEOS_DEPLOYMENT_TARGET = 15.2;
				MTL_ENABLE_DEBUG_INFO = NO;
				MTL_FAST_MATH = YES;
				SDKROOT = iphoneos;
				SWIFT_COMPILATION_MODE = wholemodule;
				SWIFT_OPTIMIZATION_LEVEL = "-O";
				VALIDATE_PRODUCT = YES;
			};
			name = Release;
		};
		084DCD5B283B10400061A9A0 /* Debug */ = {
			isa = XCBuildConfiguration;
			buildSettings = {
				ASSETCATALOG_COMPILER_APPICON_NAME = AppIcon;
				ASSETCATALOG_COMPILER_GLOBAL_ACCENT_COLOR_NAME = AccentColor;
				CODE_SIGN_STYLE = Automatic;
				CURRENT_PROJECT_VERSION = 1;
				DEVELOPMENT_ASSET_PATHS = "\"Landmarks/Preview Content\"";
				DEVELOPMENT_TEAM = X8W3L4CSMD;
				ENABLE_PREVIEWS = YES;
				GENERATE_INFOPLIST_FILE = YES;
				INFOPLIST_KEY_UIApplicationSceneManifest_Generation = YES;
				INFOPLIST_KEY_UIApplicationSupportsIndirectInputEvents = YES;
				INFOPLIST_KEY_UILaunchScreen_Generation = YES;
				INFOPLIST_KEY_UISupportedInterfaceOrientations_iPad = "UIInterfaceOrientationPortrait UIInterfaceOrientationPortraitUpsideDown UIInterfaceOrientationLandscapeLeft UIInterfaceOrientationLandscapeRight";
				INFOPLIST_KEY_UISupportedInterfaceOrientations_iPhone = "UIInterfaceOrientationPortrait UIInterfaceOrientationLandscapeLeft UIInterfaceOrientationLandscapeRight";
				LD_RUNPATH_SEARCH_PATHS = (
					"$(inherited)",
					"@executable_path/Frameworks",
				);
				MARKETING_VERSION = 1.0;
				PRODUCT_BUNDLE_IDENTIFIER = com.gileslemmon.Landmarks;
				PRODUCT_NAME = "$(TARGET_NAME)";
				SWIFT_EMIT_LOC_STRINGS = YES;
				SWIFT_VERSION = 5.0;
				TARGETED_DEVICE_FAMILY = "1,2";
			};
			name = Debug;
		};
		084DCD5C283B10400061A9A0 /* Release */ = {
			isa = XCBuildConfiguration;
			buildSettings = {
				ASSETCATALOG_COMPILER_APPICON_NAME = AppIcon;
				ASSETCATALOG_COMPILER_GLOBAL_ACCENT_COLOR_NAME = AccentColor;
				CODE_SIGN_STYLE = Automatic;
				CURRENT_PROJECT_VERSION = 1;
				DEVELOPMENT_ASSET_PATHS = "\"Landmarks/Preview Content\"";
				DEVELOPMENT_TEAM = X8W3L4CSMD;
				ENABLE_PREVIEWS = YES;
				GENERATE_INFOPLIST_FILE = YES;
				INFOPLIST_KEY_UIApplicationSceneManifest_Generation = YES;
				INFOPLIST_KEY_UIApplicationSupportsIndirectInputEvents = YES;
				INFOPLIST_KEY_UILaunchScreen_Generation = YES;
				INFOPLIST_KEY_UISupportedInterfaceOrientations_iPad = "UIInterfaceOrientationPortrait UIInterfaceOrientationPortraitUpsideDown UIInterfaceOrientationLandscapeLeft UIInterfaceOrientationLandscapeRight";
				INFOPLIST_KEY_UISupportedInterfaceOrientations_iPhone = "UIInterfaceOrientationPortrait UIInterfaceOrientationLandscapeLeft UIInterfaceOrientationLandscapeRight";
				LD_RUNPATH_SEARCH_PATHS = (
					"$(inherited)",
					"@executable_path/Frameworks",
				);
				MARKETING_VERSION = 1.0;
				PRODUCT_BUNDLE_IDENTIFIER = com.gileslemmon.Landmarks;
				PRODUCT_NAME = "$(TARGET_NAME)";
				SWIFT_EMIT_LOC_STRINGS = YES;
				SWIFT_VERSION = 5.0;
				TARGETED_DEVICE_FAMILY = "1,2";
			};
			name = Release;
		};
/* End XCBuildConfiguration section */

/* Begin XCConfigurationList section */
		084DCD47283B103F0061A9A0 /* Build configuration list for PBXProject "Landmarks" */ = {
			isa = XCConfigurationList;
			buildConfigurations = (
				084DCD58283B10400061A9A0 /* Debug */,
				084DCD59283B10400061A9A0 /* Release */,
			);
			defaultConfigurationIsVisible = 0;
			defaultConfigurationName = Release;
		};
		084DCD5A283B10400061A9A0 /* Build configuration list for PBXNativeTarget "Landmarks" */ = {
			isa = XCConfigurationList;
			buildConfigurations = (
				084DCD5B283B10400061A9A0 /* Debug */,
				084DCD5C283B10400061A9A0 /* Release */,
			);
			defaultConfigurationIsVisible = 0;
			defaultConfigurationName = Release;
		};
/* End XCConfigurationList section */
	};
	rootObject = 084DCD44283B103F0061A9A0 /* Project object */;
}
